
Microsoft Visual Studio Solution File, Format Version 12.00
# Visual Studio Version 17
VisualStudioVersion = 17.6.33815.320
MinimumVisualStudioVersion = 10.0.40219.1
Project("{FAE04EC0-301F-11D3-BF4B-00C04F79EFBC}") = "Button", "Button\Button.csproj", "{4EE55753-1F8D-4DAE-8F2F-13D1863F28C6}"
EndProject
Global
	GlobalSection(SolutionConfigurationPlatforms) = preSolution
		Debug|Any CPU = Debug|Any CPU
		Release|Any CPU = Release|Any CPU
	EndGlobalSection
	GlobalSection(ProjectConfigurationPlatforms) = postSolution
		{4EE55753-1F8D-4DAE-8F2F-13D1863F28C6}.Debug|Any CPU.ActiveCfg = Debug|Any CPU
		{4EE55753-1F8D-4DAE-8F2F-13D1863F28C6}.Debug|Any CPU.Build.0 = Debug|Any CPU
		{4EE55753-1F8D-4DAE-8F2F-13D1863F28C6}.Release|Any CPU.ActiveCfg = Release|Any CPU
		{4EE55753-1F8D-4DAE-8F2F-13D1863F28C6}.Release|Any CPU.Build.0 = Release|Any CPU
	EndGlobalSection
	GlobalSection(SolutionProperties) = preSolution
		HideSolutionNode = FALSE
	EndGlobalSection
	GlobalSection(ExtensibilityGlobals) = postSolution
		SolutionGuid = {F1F312A4-87FF-451C-955B-E3DC36ABC89D}
	EndGlobalSection
EndGlobal
